
Microsoft Visual Studio Solution File, Format Version 12.00
# Visual Studio 15
VisualStudioVersion = 15.0.27703.2035
MinimumVisualStudioVersion = 10.0.40219.1
Project("{FAE04EC0-301F-11D3-BF4B-00C04F79EFBC}") = "02MessageGreeter", "02MessageGreeter\02MessageGreeter.csproj", "{2179D81B-B5E1-4AE6-95F6-3874B988BC35}"
EndProject
Project("{FAE04EC0-301F-11D3-BF4B-00C04F79EFBC}") = "05AreaofCircle", "05AreaofCircle\05AreaofCircle.csproj", "{E446C950-6DDB-46BF-952D-BC6F4F4C20EE}"
EndProject
Project("{FAE04EC0-301F-11D3-BF4B-00C04F79EFBC}") = "06EmployeeSalaryCalculator", "06EmployeeSalaryCalculator\06EmployeeSalaryCalculator.csproj", "{65EB91CF-86C4-4984-A4A9-D924F4A92076}"
EndProject
Project("{FAE04EC0-301F-11D3-BF4B-00C04F79EFBC}") = "07InterestCalculator", "07InterestCalculator\07InterestCalculator.csproj", "{A41CF8EA-C9D7-4291-AC77-F0248FDAC095}"
EndProject
Project("{FAE04EC0-301F-11D3-BF4B-00C04F79EFBC}") = "01PrimeFinder", "01PrimeFinder\01PrimeFinder.csproj", "{7E4DB7CF-1FE4-430F-9B29-4F109F735360}"
EndProject
Project("{FAE04EC0-301F-11D3-BF4B-00C04F79EFBC}") = "04ASCIITeller", "04ASCIITeller\04ASCIITeller.csproj", "{77D51CDE-8882-4942-9029-A01F5FA5B485}"
EndProject
Project("{FAE04EC0-301F-11D3-BF4B-00C04F79EFBC}") = "09PurchaseTicketMachince", "09PurchaseTicketMachince\09PurchaseTicketMachince.csproj", "{B7D79811-9847-4576-A026-43E8BF219ABB}"
EndProject
Project("{FAE04EC0-301F-11D3-BF4B-00C04F79EFBC}") = "10StandardCalculator", "10StandardCalculator\10StandardCalculator.csproj", "{178FE580-C952-4DAF-B142-25430A47E735}"
EndProject
Project("{FAE04EC0-301F-11D3-BF4B-00C04F79EFBC}") = "11TrainingRegistrationApp", "11TrainingRegistrationProgram\11TrainingRegistrationApp.csproj", "{CBCE2DC8-A471-4C6F-BE26-9EC4DC94B9DD}"
EndProject
Project("{FAE04EC0-301F-11D3-BF4B-00C04F79EFBC}") = "12RegistrationSearchBooth", "12RegistrationSearchBooth\12RegistrationSearchBooth.csproj", "{EB18AAEF-4449-4518-9B70-579CFAF0F87C}"
EndProject
Project("{FAE04EC0-301F-11D3-BF4B-00C04F79EFBC}") = "13LabTestLunchBillCalculator", "13LabTestLunchBillCalculator\13LabTestLunchBillCalculator.csproj", "{B4C01EF3-EA8C-4F44-83DD-00ABE80D790F}"
EndProject
Global
	GlobalSection(SolutionConfigurationPlatforms) = preSolution
		Debug|Any CPU = Debug|Any CPU
		Release|Any CPU = Release|Any CPU
	EndGlobalSection
	GlobalSection(ProjectConfigurationPlatforms) = postSolution
		{2179D81B-B5E1-4AE6-95F6-3874B988BC35}.Debug|Any CPU.ActiveCfg = Debug|Any CPU
		{2179D81B-B5E1-4AE6-95F6-3874B988BC35}.Debug|Any CPU.Build.0 = Debug|Any CPU
		{2179D81B-B5E1-4AE6-95F6-3874B988BC35}.Release|Any CPU.ActiveCfg = Release|Any CPU
		{2179D81B-B5E1-4AE6-95F6-3874B988BC35}.Release|Any CPU.Build.0 = Release|Any CPU
		{E446C950-6DDB-46BF-952D-BC6F4F4C20EE}.Debug|Any CPU.ActiveCfg = Debug|Any CPU
		{E446C950-6DDB-46BF-952D-BC6F4F4C20EE}.Debug|Any CPU.Build.0 = Debug|Any CPU
		{E446C950-6DDB-46BF-952D-BC6F4F4C20EE}.Release|Any CPU.ActiveCfg = Release|Any CPU
		{E446C950-6DDB-46BF-952D-BC6F4F4C20EE}.Release|Any CPU.Build.0 = Release|Any CPU
		{65EB91CF-86C4-4984-A4A9-D924F4A92076}.Debug|Any CPU.ActiveCfg = Debug|Any CPU
		{65EB91CF-86C4-4984-A4A9-D924F4A92076}.Debug|Any CPU.Build.0 = Debug|Any CPU
		{65EB91CF-86C4-4984-A4A9-D924F4A92076}.Release|Any CPU.ActiveCfg = Release|Any CPU
		{65EB91CF-86C4-4984-A4A9-D924F4A92076}.Release|Any CPU.Build.0 = Release|Any CPU
		{A41CF8EA-C9D7-4291-AC77-F0248FDAC095}.Debug|Any CPU.ActiveCfg = Debug|Any CPU
		{A41CF8EA-C9D7-4291-AC77-F0248FDAC095}.Debug|Any CPU.Build.0 = Debug|Any CPU
		{A41CF8EA-C9D7-4291-AC77-F0248FDAC095}.Release|Any CPU.ActiveCfg = Release|Any CPU
		{A41CF8EA-C9D7-4291-AC77-F0248FDAC095}.Release|Any CPU.Build.0 = Release|Any CPU
		{7E4DB7CF-1FE4-430F-9B29-4F109F735360}.Debug|Any CPU.ActiveCfg = Debug|Any CPU
		{7E4DB7CF-1FE4-430F-9B29-4F109F735360}.Debug|Any CPU.Build.0 = Debug|Any CPU
		{7E4DB7CF-1FE4-430F-9B29-4F109F735360}.Release|Any CPU.ActiveCfg = Release|Any CPU
		{7E4DB7CF-1FE4-430F-9B29-4F109F735360}.Release|Any CPU.Build.0 = Release|Any CPU
		{77D51CDE-8882-4942-9029-A01F5FA5B485}.Debug|Any CPU.ActiveCfg = Debug|Any CPU
		{77D51CDE-8882-4942-9029-A01F5FA5B485}.Debug|Any CPU.Build.0 = Debug|Any CPU
		{77D51CDE-8882-4942-9029-A01F5FA5B485}.Release|Any CPU.ActiveCfg = Release|Any CPU
		{77D51CDE-8882-4942-9029-A01F5FA5B485}.Release|Any CPU.Build.0 = Release|Any CPU
		{B7D79811-9847-4576-A026-43E8BF219ABB}.Debug|Any CPU.ActiveCfg = Debug|Any CPU
		{B7D79811-9847-4576-A026-43E8BF219ABB}.Debug|Any CPU.Build.0 = Debug|Any CPU
		{B7D79811-9847-4576-A026-43E8BF219ABB}.Release|Any CPU.ActiveCfg = Release|Any CPU
		{B7D79811-9847-4576-A026-43E8BF219ABB}.Release|Any CPU.Build.0 = Release|Any CPU
		{178FE580-C952-4DAF-B142-25430A47E735}.Debug|Any CPU.ActiveCfg = Debug|Any CPU
		{178FE580-C952-4DAF-B142-25430A47E735}.Debug|Any CPU.Build.0 = Debug|Any CPU
		{178FE580-C952-4DAF-B142-25430A47E735}.Release|Any CPU.ActiveCfg = Release|Any CPU
		{178FE580-C952-4DAF-B142-25430A47E735}.Release|Any CPU.Build.0 = Release|Any CPU
		{CBCE2DC8-A471-4C6F-BE26-9EC4DC94B9DD}.Debug|Any CPU.ActiveCfg = Debug|Any CPU
		{CBCE2DC8-A471-4C6F-BE26-9EC4DC94B9DD}.Debug|Any CPU.Build.0 = Debug|Any CPU
		{CBCE2DC8-A471-4C6F-BE26-9EC4DC94B9DD}.Release|Any CPU.ActiveCfg = Release|Any CPU
		{CBCE2DC8-A471-4C6F-BE26-9EC4DC94B9DD}.Release|Any CPU.Build.0 = Release|Any CPU
		{EB18AAEF-4449-4518-9B70-579CFAF0F87C}.Debug|Any CPU.ActiveCfg = Debug|Any CPU
		{EB18AAEF-4449-4518-9B70-579CFAF0F87C}.Debug|Any CPU.Build.0 = Debug|Any CPU
		{EB18AAEF-4449-4518-9B70-579CFAF0F87C}.Release|Any CPU.ActiveCfg = Release|Any CPU
		{EB18AAEF-4449-4518-9B70-579CFAF0F87C}.Release|Any CPU.Build.0 = Release|Any CPU
		{B4C01EF3-EA8C-4F44-83DD-00ABE80D790F}.Debug|Any CPU.ActiveCfg = Debug|Any CPU
		{B4C01EF3-EA8C-4F44-83DD-00ABE80D790F}.Debug|Any CPU.Build.0 = Debug|Any CPU
		{B4C01EF3-EA8C-4F44-83DD-00ABE80D790F}.Release|Any CPU.ActiveCfg = Release|Any CPU
		{B4C01EF3-EA8C-4F44-83DD-00ABE80D790F}.Release|Any CPU.Build.0 = Release|Any CPU
	EndGlobalSection
	GlobalSection(SolutionProperties) = preSolution
		HideSolutionNode = FALSE
	EndGlobalSection
	GlobalSection(ExtensibilityGlobals) = postSolution
		SolutionGuid = {AD3109FE-5AD7-4377-877A-82B4A0DE2F9A}
	EndGlobalSection
EndGlobal
